
Microsoft Visual Studio Solution File, Format Version 12.00
# Visual Studio 15
VisualStudioVersion = 15.0.27004.2008
MinimumVisualStudioVersion = 10.0.40219.1
Project("{FAE04EC0-301F-11D3-BF4B-00C04F79EFBC}") = "1. Generic Box", "1. Generic Box\1. Generic Box.csproj", "{90FD04CA-0283-453F-9E25-84C6835ED548}"
EndProject
Project("{FAE04EC0-301F-11D3-BF4B-00C04F79EFBC}") = "8. Custom List", "8. Custom List\8. Custom List.csproj", "{EBD649BD-14E1-4F26-83EF-AD3AE290382B}"
EndProject
Project("{FAE04EC0-301F-11D3-BF4B-00C04F79EFBC}") = "11. Tuples", "11. Tuples\11. Tuples.csproj", "{786CB9D4-DF32-4F44-9BDC-C2C6F4F18F18}"
EndProject
Global
	GlobalSection(SolutionConfigurationPlatforms) = preSolution
		Debug|Any CPU = Debug|Any CPU
		Release|Any CPU = Release|Any CPU
	EndGlobalSection
	GlobalSection(ProjectConfigurationPlatforms) = postSolution
		{90FD04CA-0283-453F-9E25-84C6835ED548}.Debug|Any CPU.ActiveCfg = Debug|Any CPU
		{90FD04CA-0283-453F-9E25-84C6835ED548}.Debug|Any CPU.Build.0 = Debug|Any CPU
		{90FD04CA-0283-453F-9E25-84C6835ED548}.Release|Any CPU.ActiveCfg = Release|Any CPU
		{90FD04CA-0283-453F-9E25-84C6835ED548}.Release|Any CPU.Build.0 = Release|Any CPU
		{EBD649BD-14E1-4F26-83EF-AD3AE290382B}.Debug|Any CPU.ActiveCfg = Debug|Any CPU
		{EBD649BD-14E1-4F26-83EF-AD3AE290382B}.Debug|Any CPU.Build.0 = Debug|Any CPU
		{EBD649BD-14E1-4F26-83EF-AD3AE290382B}.Release|Any CPU.ActiveCfg = Release|Any CPU
		{EBD649BD-14E1-4F26-83EF-AD3AE290382B}.Release|Any CPU.Build.0 = Release|Any CPU
		{786CB9D4-DF32-4F44-9BDC-C2C6F4F18F18}.Debug|Any CPU.ActiveCfg = Debug|Any CPU
		{786CB9D4-DF32-4F44-9BDC-C2C6F4F18F18}.Debug|Any CPU.Build.0 = Debug|Any CPU
		{786CB9D4-DF32-4F44-9BDC-C2C6F4F18F18}.Release|Any CPU.ActiveCfg = Release|Any CPU
		{786CB9D4-DF32-4F44-9BDC-C2C6F4F18F18}.Release|Any CPU.Build.0 = Release|Any CPU
	EndGlobalSection
	GlobalSection(SolutionProperties) = preSolution
		HideSolutionNode = FALSE
	EndGlobalSection
	GlobalSection(ExtensibilityGlobals) = postSolution
		SolutionGuid = {A518FEFA-A885-410C-BA72-5ECFF1E8671A}
	EndGlobalSection
EndGlobal
