
Microsoft Visual Studio Solution File, Format Version 12.00
# Visual Studio 15
VisualStudioVersion = 15.0.27004.2008
MinimumVisualStudioVersion = 10.0.40219.1
Project("{FAE04EC0-301F-11D3-BF4B-00C04F79EFBC}") = "1. Box of T", "1. Box of T\1. Box of T.csproj", "{2A2DD059-0EDC-4AC9-B375-F603D63C9B39}"
EndProject
Project("{FAE04EC0-301F-11D3-BF4B-00C04F79EFBC}") = "2. ArrayCreator", "ArrayCreator\2. ArrayCreator.csproj", "{689A93F1-0DDB-4D08-84A7-EE984112484B}"
EndProject
Project("{FAE04EC0-301F-11D3-BF4B-00C04F79EFBC}") = "3. Scale", "3. Scale\3. Scale.csproj", "{B9993431-3ECD-45DE-9298-961FE2B0A3B9}"
EndProject
Global
	GlobalSection(SolutionConfigurationPlatforms) = preSolution
		Debug|Any CPU = Debug|Any CPU
		Release|Any CPU = Release|Any CPU
	EndGlobalSection
	GlobalSection(ProjectConfigurationPlatforms) = postSolution
		{2A2DD059-0EDC-4AC9-B375-F603D63C9B39}.Debug|Any CPU.ActiveCfg = Debug|Any CPU
		{2A2DD059-0EDC-4AC9-B375-F603D63C9B39}.Debug|Any CPU.Build.0 = Debug|Any CPU
		{2A2DD059-0EDC-4AC9-B375-F603D63C9B39}.Release|Any CPU.ActiveCfg = Release|Any CPU
		{2A2DD059-0EDC-4AC9-B375-F603D63C9B39}.Release|Any CPU.Build.0 = Release|Any CPU
		{689A93F1-0DDB-4D08-84A7-EE984112484B}.Debug|Any CPU.ActiveCfg = Debug|Any CPU
		{689A93F1-0DDB-4D08-84A7-EE984112484B}.Debug|Any CPU.Build.0 = Debug|Any CPU
		{689A93F1-0DDB-4D08-84A7-EE984112484B}.Release|Any CPU.ActiveCfg = Release|Any CPU
		{689A93F1-0DDB-4D08-84A7-EE984112484B}.Release|Any CPU.Build.0 = Release|Any CPU
		{B9993431-3ECD-45DE-9298-961FE2B0A3B9}.Debug|Any CPU.ActiveCfg = Debug|Any CPU
		{B9993431-3ECD-45DE-9298-961FE2B0A3B9}.Debug|Any CPU.Build.0 = Debug|Any CPU
		{B9993431-3ECD-45DE-9298-961FE2B0A3B9}.Release|Any CPU.ActiveCfg = Release|Any CPU
		{B9993431-3ECD-45DE-9298-961FE2B0A3B9}.Release|Any CPU.Build.0 = Release|Any CPU
	EndGlobalSection
	GlobalSection(SolutionProperties) = preSolution
		HideSolutionNode = FALSE
	EndGlobalSection
	GlobalSection(ExtensibilityGlobals) = postSolution
		SolutionGuid = {BD209EE0-7EF8-46F0-8620-5A23D4AF3FD4}
	EndGlobalSection
EndGlobal
