
Microsoft Visual Studio Solution File, Format Version 12.00
# Visual Studio 15
VisualStudioVersion = 15.0.27004.2008
MinimumVisualStudioVersion = 10.0.40219.1
Project("{FAE04EC0-301F-11D3-BF4B-00C04F79EFBC}") = "BashSoft", "BashSoft\BashSoft.csproj", "{14060F5B-5B6D-44E5-BA8E-886CD969C05D}"
EndProject
Global
	GlobalSection(SolutionConfigurationPlatforms) = preSolution
		Debug|Any CPU = Debug|Any CPU
		Release|Any CPU = Release|Any CPU
	EndGlobalSection
	GlobalSection(ProjectConfigurationPlatforms) = postSolution
		{14060F5B-5B6D-44E5-BA8E-886CD969C05D}.Debug|Any CPU.ActiveCfg = Debug|Any CPU
		{14060F5B-5B6D-44E5-BA8E-886CD969C05D}.Debug|Any CPU.Build.0 = Debug|Any CPU
		{14060F5B-5B6D-44E5-BA8E-886CD969C05D}.Release|Any CPU.ActiveCfg = Release|Any CPU
		{14060F5B-5B6D-44E5-BA8E-886CD969C05D}.Release|Any CPU.Build.0 = Release|Any CPU
	EndGlobalSection
	GlobalSection(SolutionProperties) = preSolution
		HideSolutionNode = FALSE
	EndGlobalSection
	GlobalSection(ExtensibilityGlobals) = postSolution
		SolutionGuid = {8B52DEB2-9077-456B-A37B-FF1399DD3EF8}
	EndGlobalSection
EndGlobal
