
Microsoft Visual Studio Solution File, Format Version 12.00
# Visual Studio 15
VisualStudioVersion = 15.0.27004.2008
MinimumVisualStudioVersion = 10.0.40219.1
Project("{FAE04EC0-301F-11D3-BF4B-00C04F79EFBC}") = "1. Class Box", "1. Class Box\1. Class Box.csproj", "{6659F1CE-FF52-4C51-88B9-21108398E600}"
EndProject
Project("{FAE04EC0-301F-11D3-BF4B-00C04F79EFBC}") = "2. Class Box Data Validation", "2. Class Box Data Validation\2. Class Box Data Validation.csproj", "{768E5DCF-12F7-4C2C-89B2-972A103CC25F}"
EndProject
Project("{FAE04EC0-301F-11D3-BF4B-00C04F79EFBC}") = "3. AnimalFarm", "3. AnimalFarm\3. AnimalFarm.csproj", "{32AEC171-3440-43ED-822B-E7F89C5A8651}"
EndProject
Project("{FAE04EC0-301F-11D3-BF4B-00C04F79EFBC}") = "4. Shopping Spree", "4. Shopping Spree\4. Shopping Spree.csproj", "{F1F0F3DC-283F-4F1C-AAED-1DBB68323FBB}"
EndProject
Global
	GlobalSection(SolutionConfigurationPlatforms) = preSolution
		Debug|Any CPU = Debug|Any CPU
		Release|Any CPU = Release|Any CPU
	EndGlobalSection
	GlobalSection(ProjectConfigurationPlatforms) = postSolution
		{6659F1CE-FF52-4C51-88B9-21108398E600}.Debug|Any CPU.ActiveCfg = Debug|Any CPU
		{6659F1CE-FF52-4C51-88B9-21108398E600}.Debug|Any CPU.Build.0 = Debug|Any CPU
		{6659F1CE-FF52-4C51-88B9-21108398E600}.Release|Any CPU.ActiveCfg = Release|Any CPU
		{6659F1CE-FF52-4C51-88B9-21108398E600}.Release|Any CPU.Build.0 = Release|Any CPU
		{768E5DCF-12F7-4C2C-89B2-972A103CC25F}.Debug|Any CPU.ActiveCfg = Debug|Any CPU
		{768E5DCF-12F7-4C2C-89B2-972A103CC25F}.Debug|Any CPU.Build.0 = Debug|Any CPU
		{768E5DCF-12F7-4C2C-89B2-972A103CC25F}.Release|Any CPU.ActiveCfg = Release|Any CPU
		{768E5DCF-12F7-4C2C-89B2-972A103CC25F}.Release|Any CPU.Build.0 = Release|Any CPU
		{32AEC171-3440-43ED-822B-E7F89C5A8651}.Debug|Any CPU.ActiveCfg = Debug|Any CPU
		{32AEC171-3440-43ED-822B-E7F89C5A8651}.Debug|Any CPU.Build.0 = Debug|Any CPU
		{32AEC171-3440-43ED-822B-E7F89C5A8651}.Release|Any CPU.ActiveCfg = Release|Any CPU
		{32AEC171-3440-43ED-822B-E7F89C5A8651}.Release|Any CPU.Build.0 = Release|Any CPU
		{F1F0F3DC-283F-4F1C-AAED-1DBB68323FBB}.Debug|Any CPU.ActiveCfg = Debug|Any CPU
		{F1F0F3DC-283F-4F1C-AAED-1DBB68323FBB}.Debug|Any CPU.Build.0 = Debug|Any CPU
		{F1F0F3DC-283F-4F1C-AAED-1DBB68323FBB}.Release|Any CPU.ActiveCfg = Release|Any CPU
		{F1F0F3DC-283F-4F1C-AAED-1DBB68323FBB}.Release|Any CPU.Build.0 = Release|Any CPU
	EndGlobalSection
	GlobalSection(SolutionProperties) = preSolution
		HideSolutionNode = FALSE
	EndGlobalSection
	GlobalSection(ExtensibilityGlobals) = postSolution
		SolutionGuid = {B2AF95BD-FE83-496E-BF78-21CA879A8BD9}
	EndGlobalSection
EndGlobal
