
Microsoft Visual Studio Solution File, Format Version 12.00
# Visual Studio 15
VisualStudioVersion = 15.0.27004.2008
MinimumVisualStudioVersion = 10.0.40219.1
Project("{FAE04EC0-301F-11D3-BF4B-00C04F79EFBC}") = "01. Match Full Name", "01. Match Full Name\01. Match Full Name.csproj", "{D641F178-1B05-4343-865C-6F3F83478BB5}"
EndProject
Project("{FAE04EC0-301F-11D3-BF4B-00C04F79EFBC}") = "02. Match Phone Number", "02. Match Phone Number\02. Match Phone Number.csproj", "{EC96D934-3E28-495C-B194-806DF8C88469}"
EndProject
Project("{FAE04EC0-301F-11D3-BF4B-00C04F79EFBC}") = "03. Series of Letters", "03. Series of Letters\03. Series of Letters.csproj", "{4694DE22-EF9F-4F61-958E-C3D894F63104}"
EndProject
Global
	GlobalSection(SolutionConfigurationPlatforms) = preSolution
		Debug|Any CPU = Debug|Any CPU
		Release|Any CPU = Release|Any CPU
	EndGlobalSection
	GlobalSection(ProjectConfigurationPlatforms) = postSolution
		{D641F178-1B05-4343-865C-6F3F83478BB5}.Debug|Any CPU.ActiveCfg = Debug|Any CPU
		{D641F178-1B05-4343-865C-6F3F83478BB5}.Debug|Any CPU.Build.0 = Debug|Any CPU
		{D641F178-1B05-4343-865C-6F3F83478BB5}.Release|Any CPU.ActiveCfg = Release|Any CPU
		{D641F178-1B05-4343-865C-6F3F83478BB5}.Release|Any CPU.Build.0 = Release|Any CPU
		{EC96D934-3E28-495C-B194-806DF8C88469}.Debug|Any CPU.ActiveCfg = Debug|Any CPU
		{EC96D934-3E28-495C-B194-806DF8C88469}.Debug|Any CPU.Build.0 = Debug|Any CPU
		{EC96D934-3E28-495C-B194-806DF8C88469}.Release|Any CPU.ActiveCfg = Release|Any CPU
		{EC96D934-3E28-495C-B194-806DF8C88469}.Release|Any CPU.Build.0 = Release|Any CPU
		{4694DE22-EF9F-4F61-958E-C3D894F63104}.Debug|Any CPU.ActiveCfg = Debug|Any CPU
		{4694DE22-EF9F-4F61-958E-C3D894F63104}.Debug|Any CPU.Build.0 = Debug|Any CPU
		{4694DE22-EF9F-4F61-958E-C3D894F63104}.Release|Any CPU.ActiveCfg = Release|Any CPU
		{4694DE22-EF9F-4F61-958E-C3D894F63104}.Release|Any CPU.Build.0 = Release|Any CPU
	EndGlobalSection
	GlobalSection(SolutionProperties) = preSolution
		HideSolutionNode = FALSE
	EndGlobalSection
	GlobalSection(ExtensibilityGlobals) = postSolution
		SolutionGuid = {255201D5-0CBA-4355-8007-8B2806D6B03C}
	EndGlobalSection
EndGlobal
