
Microsoft Visual Studio Solution File, Format Version 12.00
# Visual Studio 15
VisualStudioVersion = 15.0.27004.2008
MinimumVisualStudioVersion = 10.0.40219.1
Project("{FAE04EC0-301F-11D3-BF4B-00C04F79EFBC}") = "Skeleton", "Skeleton\Skeleton.csproj", "{B7C13488-44A9-432D-A12C-ED88E9656144}"
EndProject
Project("{FAE04EC0-301F-11D3-BF4B-00C04F79EFBC}") = "Skeleton.Test", "Skeleton.Test\Skeleton.Test.csproj", "{F3A0C8FA-0321-42DB-8466-8A67CD6E83D1}"
EndProject
Global
	GlobalSection(SolutionConfigurationPlatforms) = preSolution
		Debug|Any CPU = Debug|Any CPU
		Release|Any CPU = Release|Any CPU
	EndGlobalSection
	GlobalSection(ProjectConfigurationPlatforms) = postSolution
		{B7C13488-44A9-432D-A12C-ED88E9656144}.Debug|Any CPU.ActiveCfg = Debug|Any CPU
		{B7C13488-44A9-432D-A12C-ED88E9656144}.Debug|Any CPU.Build.0 = Debug|Any CPU
		{B7C13488-44A9-432D-A12C-ED88E9656144}.Release|Any CPU.ActiveCfg = Release|Any CPU
		{B7C13488-44A9-432D-A12C-ED88E9656144}.Release|Any CPU.Build.0 = Release|Any CPU
		{F3A0C8FA-0321-42DB-8466-8A67CD6E83D1}.Debug|Any CPU.ActiveCfg = Debug|Any CPU
		{F3A0C8FA-0321-42DB-8466-8A67CD6E83D1}.Debug|Any CPU.Build.0 = Debug|Any CPU
		{F3A0C8FA-0321-42DB-8466-8A67CD6E83D1}.Release|Any CPU.ActiveCfg = Release|Any CPU
		{F3A0C8FA-0321-42DB-8466-8A67CD6E83D1}.Release|Any CPU.Build.0 = Release|Any CPU
	EndGlobalSection
	GlobalSection(SolutionProperties) = preSolution
		HideSolutionNode = FALSE
	EndGlobalSection
	GlobalSection(ExtensibilityGlobals) = postSolution
		SolutionGuid = {30F5F92D-DF99-4318-90A1-2079EBF19D2D}
	EndGlobalSection
EndGlobal
