
Microsoft Visual Studio Solution File, Format Version 12.00
# Visual Studio 15
VisualStudioVersion = 15.0.27004.2008
MinimumVisualStudioVersion = 10.0.40219.1
Project("{FAE04EC0-301F-11D3-BF4B-00C04F79EFBC}") = "01. Matrix of Palindromes", "01. Matrix of Palindromes\01. Matrix of Palindromes.csproj", "{DD30CC36-234D-47BF-AE7A-0BC651D6284B}"
EndProject
Project("{FAE04EC0-301F-11D3-BF4B-00C04F79EFBC}") = "2. Diagonal Difference", "2. Diagonal Difference\2. Diagonal Difference.csproj", "{081575F8-E690-4C60-A3F2-EA78DCD7E603}"
EndProject
Project("{FAE04EC0-301F-11D3-BF4B-00C04F79EFBC}") = "3. Squares in Matrix", "3. Squares in Matrix\3. Squares in Matrix.csproj", "{48281B06-EC73-4617-8A41-A7BCB2BA5827}"
EndProject
Project("{FAE04EC0-301F-11D3-BF4B-00C04F79EFBC}") = "4. Maximal Sum", "4. Maximal Sum\4. Maximal Sum.csproj", "{92F64BFB-8C6C-4E6C-985D-9821E5D613FC}"
EndProject
Project("{FAE04EC0-301F-11D3-BF4B-00C04F79EFBC}") = "5. Rubiks Matrix", "5. Rubiks Matrix\5. Rubiks Matrix.csproj", "{4333BDC4-58AF-4A1A-9E6F-BF262D18DDA4}"
EndProject
Project("{FAE04EC0-301F-11D3-BF4B-00C04F79EFBC}") = "6. Target Practice", "6. Target Practice\6. Target Practice.csproj", "{283BE9D8-5298-422C-AB7F-768BE76D3370}"
EndProject
Project("{FAE04EC0-301F-11D3-BF4B-00C04F79EFBC}") = "7. Lego Blocks", "7. Lego Blocks\7. Lego Blocks.csproj", "{8BEC17A9-F406-42F1-9CA9-7D8147ED24DE}"
EndProject
Global
	GlobalSection(SolutionConfigurationPlatforms) = preSolution
		Debug|Any CPU = Debug|Any CPU
		Release|Any CPU = Release|Any CPU
	EndGlobalSection
	GlobalSection(ProjectConfigurationPlatforms) = postSolution
		{DD30CC36-234D-47BF-AE7A-0BC651D6284B}.Debug|Any CPU.ActiveCfg = Debug|Any CPU
		{DD30CC36-234D-47BF-AE7A-0BC651D6284B}.Debug|Any CPU.Build.0 = Debug|Any CPU
		{DD30CC36-234D-47BF-AE7A-0BC651D6284B}.Release|Any CPU.ActiveCfg = Release|Any CPU
		{DD30CC36-234D-47BF-AE7A-0BC651D6284B}.Release|Any CPU.Build.0 = Release|Any CPU
		{081575F8-E690-4C60-A3F2-EA78DCD7E603}.Debug|Any CPU.ActiveCfg = Debug|Any CPU
		{081575F8-E690-4C60-A3F2-EA78DCD7E603}.Debug|Any CPU.Build.0 = Debug|Any CPU
		{081575F8-E690-4C60-A3F2-EA78DCD7E603}.Release|Any CPU.ActiveCfg = Release|Any CPU
		{081575F8-E690-4C60-A3F2-EA78DCD7E603}.Release|Any CPU.Build.0 = Release|Any CPU
		{48281B06-EC73-4617-8A41-A7BCB2BA5827}.Debug|Any CPU.ActiveCfg = Debug|Any CPU
		{48281B06-EC73-4617-8A41-A7BCB2BA5827}.Debug|Any CPU.Build.0 = Debug|Any CPU
		{48281B06-EC73-4617-8A41-A7BCB2BA5827}.Release|Any CPU.ActiveCfg = Release|Any CPU
		{48281B06-EC73-4617-8A41-A7BCB2BA5827}.Release|Any CPU.Build.0 = Release|Any CPU
		{92F64BFB-8C6C-4E6C-985D-9821E5D613FC}.Debug|Any CPU.ActiveCfg = Debug|Any CPU
		{92F64BFB-8C6C-4E6C-985D-9821E5D613FC}.Debug|Any CPU.Build.0 = Debug|Any CPU
		{92F64BFB-8C6C-4E6C-985D-9821E5D613FC}.Release|Any CPU.ActiveCfg = Release|Any CPU
		{92F64BFB-8C6C-4E6C-985D-9821E5D613FC}.Release|Any CPU.Build.0 = Release|Any CPU
		{4333BDC4-58AF-4A1A-9E6F-BF262D18DDA4}.Debug|Any CPU.ActiveCfg = Debug|Any CPU
		{4333BDC4-58AF-4A1A-9E6F-BF262D18DDA4}.Debug|Any CPU.Build.0 = Debug|Any CPU
		{4333BDC4-58AF-4A1A-9E6F-BF262D18DDA4}.Release|Any CPU.ActiveCfg = Release|Any CPU
		{4333BDC4-58AF-4A1A-9E6F-BF262D18DDA4}.Release|Any CPU.Build.0 = Release|Any CPU
		{283BE9D8-5298-422C-AB7F-768BE76D3370}.Debug|Any CPU.ActiveCfg = Debug|Any CPU
		{283BE9D8-5298-422C-AB7F-768BE76D3370}.Debug|Any CPU.Build.0 = Debug|Any CPU
		{283BE9D8-5298-422C-AB7F-768BE76D3370}.Release|Any CPU.ActiveCfg = Release|Any CPU
		{283BE9D8-5298-422C-AB7F-768BE76D3370}.Release|Any CPU.Build.0 = Release|Any CPU
		{8BEC17A9-F406-42F1-9CA9-7D8147ED24DE}.Debug|Any CPU.ActiveCfg = Debug|Any CPU
		{8BEC17A9-F406-42F1-9CA9-7D8147ED24DE}.Debug|Any CPU.Build.0 = Debug|Any CPU
		{8BEC17A9-F406-42F1-9CA9-7D8147ED24DE}.Release|Any CPU.ActiveCfg = Release|Any CPU
		{8BEC17A9-F406-42F1-9CA9-7D8147ED24DE}.Release|Any CPU.Build.0 = Release|Any CPU
	EndGlobalSection
	GlobalSection(SolutionProperties) = preSolution
		HideSolutionNode = FALSE
	EndGlobalSection
	GlobalSection(ExtensibilityGlobals) = postSolution
		SolutionGuid = {4E8C4719-8292-4DAE-B5E1-92DA0B4577EA}
	EndGlobalSection
EndGlobal
